
Microsoft Visual Studio Solution File, Format Version 12.00
# Visual Studio 15
VisualStudioVersion = 15.0.28010.2003
MinimumVisualStudioVersion = 10.0.40219.1
Project("{2150E333-8FDC-42A3-9474-1A3956D46DE8}") = "Solution Items", "Solution Items", "{321F8DD9-2351-44C7-8F7B-B9C4BA1E30DC}"
	ProjectSection(SolutionItems) = preProject
		logo-blue-large.png = logo-blue-large.png
		logo-blue-small.png = logo-blue-small.png
		readme.md = readme.md
		releaseNotes.md = releaseNotes.md
		response-objects.md = response-objects.md
	EndProjectSection
EndProject
Project("{9A19103F-16F7-4668-BE54-9A1E7A4F7556}") = "APIBlox.AspNetCore", "ApiBlox.AspNetCore\APIBlox.AspNetCore.csproj", "{F0A28927-3183-40C6-A208-997597394ABA}"
EndProject
Project("{9A19103F-16F7-4668-BE54-9A1E7A4F7556}") = "APIBlox.AspNetCore.CommandsAndQueries", "ApiBlox.AspNetCore.CommandsAndQueries\APIBlox.AspNetCore.CommandsAndQueries.csproj", "{F723C994-BFA9-425D-A09B-03035B5D284F}"
EndProject
Project("{9A19103F-16F7-4668-BE54-9A1E7A4F7556}") = "APIBlox.AspNetCore.DynamicControllers", "ApiBlox.AspNetCore.DynamicControllers\APIBlox.AspNetCore.DynamicControllers.csproj", "{93FFA877-078D-4E1A-9941-C82A2AB7717B}"
EndProject
Project("{9A19103F-16F7-4668-BE54-9A1E7A4F7556}") = "APIBlox.NetCore", "ApiBlox.NetCore\APIBlox.NetCore.csproj", "{E1AB2AF7-43AA-4B11-A798-EE9417C0AB79}"
EndProject
Project("{9A19103F-16F7-4668-BE54-9A1E7A4F7556}") = "APIBlox.NetCore.Common", "ApiBlox.NetCore.Common\APIBlox.NetCore.Common.csproj", "{4971FDA1-AEB2-49F6-8530-D8340DBECBDF}"
EndProject
Project("{9A19103F-16F7-4668-BE54-9A1E7A4F7556}") = "APIBlox.NetCore.DomainEvents", "APIBlox.NetCore.DomainEvents\APIBlox.NetCore.DomainEvents.csproj", "{EB8E7F58-2AA9-4BF3-981E-93059BD21D21}"
EndProject
Project("{9A19103F-16F7-4668-BE54-9A1E7A4F7556}") = "APIBlox.AspNetCore.CommandsQueriesControllersOhMy", "APIBlox.AspNetCore.CommandsQueriesControllersOhMy\APIBlox.AspNetCore.CommandsQueriesControllersOhMy.csproj", "{D033F0DC-4EF0-4208-8F53-E9583CA88A81}"
EndProject
Project("{9A19103F-16F7-4668-BE54-9A1E7A4F7556}") = "SlnTests", "SlnTests\SlnTests.csproj", "{51AF45DA-BD7B-4565-8922-324074D54CE2}"
EndProject
Project("{2150E333-8FDC-42A3-9474-1A3956D46DE8}") = "Examples", "Examples", "{55CDA2C8-B3CC-4238-9758-E1C70FD4777C}"
EndProject
Project("{2150E333-8FDC-42A3-9474-1A3956D46DE8}") = "Clean Architecture", "Clean Architecture", "{7590513F-A38F-4575-8515-94AB95211985}"
EndProject
Project("{2150E333-8FDC-42A3-9474-1A3956D46DE8}") = "Application Layer", "Application Layer", "{528245A0-EEB5-4DE7-8D09-F9FAA9365362}"
EndProject
Project("{2150E333-8FDC-42A3-9474-1A3956D46DE8}") = "Cross-Cutting Concerns", "Cross-Cutting Concerns", "{4DEE00DF-732B-4ABA-883C-5AF48D39E143}"
EndProject
Project("{2150E333-8FDC-42A3-9474-1A3956D46DE8}") = "Domain Layer", "Domain Layer", "{1E64D9F4-10BB-4A89-8981-D2221925A65D}"
EndProject
Project("{2150E333-8FDC-42A3-9474-1A3956D46DE8}") = "Infrastructure Layer", "Infrastructure Layer", "{14F6D569-6530-4738-A784-4B1C1A9CBBD2}"
EndProject
Project("{2150E333-8FDC-42A3-9474-1A3956D46DE8}") = "Persistance Layer", "Persistance Layer", "{F16E2C04-FEA4-40FF-8B33-B458E2737D6B}"
EndProject
Project("{2150E333-8FDC-42A3-9474-1A3956D46DE8}") = "Presentation Layer", "Presentation Layer", "{B6805D16-7C53-4990-A2CE-814937992372}"
EndProject
Project("{2150E333-8FDC-42A3-9474-1A3956D46DE8}") = "CQRS", "CQRS", "{3D123C74-8EB1-4EFE-B696-2D8342B0E37C}"
EndProject
Project("{2150E333-8FDC-42A3-9474-1A3956D46DE8}") = "Dynamic Controllers", "Dynamic Controllers", "{2B2993BC-BE31-456B-B488-7F6DAC21BF09}"
EndProject
Project("{2150E333-8FDC-42A3-9474-1A3956D46DE8}") = "APIBlox Features", "APIBlox Features", "{518BAE50-548C-4B33-A121-672E336D31DE}"
EndProject
Project("{2150E333-8FDC-42A3-9474-1A3956D46DE8}") = "Domain Events", "Domain Events", "{6A77F20B-C6F8-47E7-AE4C-175169739ED3}"
EndProject
Project("{9A19103F-16F7-4668-BE54-9A1E7A4F7556}") = "Examples.Features", "Examples\APIBlox Features\Examples.Features\Examples.Features.csproj", "{4B64DD4E-20B8-476E-AAC1-2E151AA30793}"
EndProject
Project("{9A19103F-16F7-4668-BE54-9A1E7A4F7556}") = "Examples.DynamicControllers", "Examples\Dynamic Controllers\Examples.DynamicControllers\Examples.DynamicControllers.csproj", "{321EE3BB-9181-445D-AA98-0F51CDD1BEC7}"
EndProject
Global
	GlobalSection(SolutionConfigurationPlatforms) = preSolution
		Debug|Any CPU = Debug|Any CPU
		Release|Any CPU = Release|Any CPU
	EndGlobalSection
	GlobalSection(ProjectConfigurationPlatforms) = postSolution
		{F0A28927-3183-40C6-A208-997597394ABA}.Debug|Any CPU.ActiveCfg = Debug|Any CPU
		{F0A28927-3183-40C6-A208-997597394ABA}.Debug|Any CPU.Build.0 = Debug|Any CPU
		{F0A28927-3183-40C6-A208-997597394ABA}.Release|Any CPU.ActiveCfg = Release|Any CPU
		{F0A28927-3183-40C6-A208-997597394ABA}.Release|Any CPU.Build.0 = Release|Any CPU
		{F723C994-BFA9-425D-A09B-03035B5D284F}.Debug|Any CPU.ActiveCfg = Debug|Any CPU
		{F723C994-BFA9-425D-A09B-03035B5D284F}.Debug|Any CPU.Build.0 = Debug|Any CPU
		{F723C994-BFA9-425D-A09B-03035B5D284F}.Release|Any CPU.ActiveCfg = Release|Any CPU
		{F723C994-BFA9-425D-A09B-03035B5D284F}.Release|Any CPU.Build.0 = Release|Any CPU
		{93FFA877-078D-4E1A-9941-C82A2AB7717B}.Debug|Any CPU.ActiveCfg = Debug|Any CPU
		{93FFA877-078D-4E1A-9941-C82A2AB7717B}.Debug|Any CPU.Build.0 = Debug|Any CPU
		{93FFA877-078D-4E1A-9941-C82A2AB7717B}.Release|Any CPU.ActiveCfg = Release|Any CPU
		{93FFA877-078D-4E1A-9941-C82A2AB7717B}.Release|Any CPU.Build.0 = Release|Any CPU
		{E1AB2AF7-43AA-4B11-A798-EE9417C0AB79}.Debug|Any CPU.ActiveCfg = Debug|Any CPU
		{E1AB2AF7-43AA-4B11-A798-EE9417C0AB79}.Debug|Any CPU.Build.0 = Debug|Any CPU
		{E1AB2AF7-43AA-4B11-A798-EE9417C0AB79}.Release|Any CPU.ActiveCfg = Release|Any CPU
		{E1AB2AF7-43AA-4B11-A798-EE9417C0AB79}.Release|Any CPU.Build.0 = Release|Any CPU
		{4971FDA1-AEB2-49F6-8530-D8340DBECBDF}.Debug|Any CPU.ActiveCfg = Debug|Any CPU
		{4971FDA1-AEB2-49F6-8530-D8340DBECBDF}.Debug|Any CPU.Build.0 = Debug|Any CPU
		{4971FDA1-AEB2-49F6-8530-D8340DBECBDF}.Release|Any CPU.ActiveCfg = Release|Any CPU
		{4971FDA1-AEB2-49F6-8530-D8340DBECBDF}.Release|Any CPU.Build.0 = Release|Any CPU
		{EB8E7F58-2AA9-4BF3-981E-93059BD21D21}.Debug|Any CPU.ActiveCfg = Debug|Any CPU
		{EB8E7F58-2AA9-4BF3-981E-93059BD21D21}.Debug|Any CPU.Build.0 = Debug|Any CPU
		{EB8E7F58-2AA9-4BF3-981E-93059BD21D21}.Release|Any CPU.ActiveCfg = Release|Any CPU
		{EB8E7F58-2AA9-4BF3-981E-93059BD21D21}.Release|Any CPU.Build.0 = Release|Any CPU
		{D033F0DC-4EF0-4208-8F53-E9583CA88A81}.Debug|Any CPU.ActiveCfg = Debug|Any CPU
		{D033F0DC-4EF0-4208-8F53-E9583CA88A81}.Debug|Any CPU.Build.0 = Debug|Any CPU
		{D033F0DC-4EF0-4208-8F53-E9583CA88A81}.Release|Any CPU.ActiveCfg = Release|Any CPU
		{D033F0DC-4EF0-4208-8F53-E9583CA88A81}.Release|Any CPU.Build.0 = Release|Any CPU
		{51AF45DA-BD7B-4565-8922-324074D54CE2}.Debug|Any CPU.ActiveCfg = Debug|Any CPU
		{51AF45DA-BD7B-4565-8922-324074D54CE2}.Debug|Any CPU.Build.0 = Debug|Any CPU
		{51AF45DA-BD7B-4565-8922-324074D54CE2}.Release|Any CPU.ActiveCfg = Release|Any CPU
		{51AF45DA-BD7B-4565-8922-324074D54CE2}.Release|Any CPU.Build.0 = Release|Any CPU
		{4B64DD4E-20B8-476E-AAC1-2E151AA30793}.Debug|Any CPU.ActiveCfg = Debug|Any CPU
		{4B64DD4E-20B8-476E-AAC1-2E151AA30793}.Debug|Any CPU.Build.0 = Debug|Any CPU
		{4B64DD4E-20B8-476E-AAC1-2E151AA30793}.Release|Any CPU.ActiveCfg = Release|Any CPU
		{4B64DD4E-20B8-476E-AAC1-2E151AA30793}.Release|Any CPU.Build.0 = Release|Any CPU
		{321EE3BB-9181-445D-AA98-0F51CDD1BEC7}.Debug|Any CPU.ActiveCfg = Debug|Any CPU
		{321EE3BB-9181-445D-AA98-0F51CDD1BEC7}.Debug|Any CPU.Build.0 = Debug|Any CPU
		{321EE3BB-9181-445D-AA98-0F51CDD1BEC7}.Release|Any CPU.ActiveCfg = Release|Any CPU
		{321EE3BB-9181-445D-AA98-0F51CDD1BEC7}.Release|Any CPU.Build.0 = Release|Any CPU
	EndGlobalSection
	GlobalSection(SolutionProperties) = preSolution
		HideSolutionNode = FALSE
	EndGlobalSection
	GlobalSection(NestedProjects) = preSolution
		{7590513F-A38F-4575-8515-94AB95211985} = {55CDA2C8-B3CC-4238-9758-E1C70FD4777C}
		{528245A0-EEB5-4DE7-8D09-F9FAA9365362} = {7590513F-A38F-4575-8515-94AB95211985}
		{4DEE00DF-732B-4ABA-883C-5AF48D39E143} = {7590513F-A38F-4575-8515-94AB95211985}
		{1E64D9F4-10BB-4A89-8981-D2221925A65D} = {7590513F-A38F-4575-8515-94AB95211985}
		{14F6D569-6530-4738-A784-4B1C1A9CBBD2} = {7590513F-A38F-4575-8515-94AB95211985}
		{F16E2C04-FEA4-40FF-8B33-B458E2737D6B} = {7590513F-A38F-4575-8515-94AB95211985}
		{B6805D16-7C53-4990-A2CE-814937992372} = {7590513F-A38F-4575-8515-94AB95211985}
		{3D123C74-8EB1-4EFE-B696-2D8342B0E37C} = {55CDA2C8-B3CC-4238-9758-E1C70FD4777C}
		{2B2993BC-BE31-456B-B488-7F6DAC21BF09} = {55CDA2C8-B3CC-4238-9758-E1C70FD4777C}
		{518BAE50-548C-4B33-A121-672E336D31DE} = {55CDA2C8-B3CC-4238-9758-E1C70FD4777C}
		{6A77F20B-C6F8-47E7-AE4C-175169739ED3} = {55CDA2C8-B3CC-4238-9758-E1C70FD4777C}
		{4B64DD4E-20B8-476E-AAC1-2E151AA30793} = {518BAE50-548C-4B33-A121-672E336D31DE}
		{321EE3BB-9181-445D-AA98-0F51CDD1BEC7} = {2B2993BC-BE31-456B-B488-7F6DAC21BF09}
	EndGlobalSection
	GlobalSection(ExtensibilityGlobals) = postSolution
		SolutionGuid = {F5ADD174-9558-4269-9EFE-B50D2A576768}
	EndGlobalSection
EndGlobal
