
Microsoft Visual Studio Solution File, Format Version 12.00
# Visual Studio 15
VisualStudioVersion = 15.0.28010.2003
MinimumVisualStudioVersion = 10.0.40219.1
Project("{2150E333-8FDC-42A3-9474-1A3956D46DE8}") = "Solution Items", "Solution Items", "{321F8DD9-2351-44C7-8F7B-B9C4BA1E30DC}"
	ProjectSection(SolutionItems) = preProject
		logo-blue-large.png = logo-blue-large.png
		logo-blue-small.png = logo-blue-small.png
		readme.md = readme.md
		releaseNotes.md = releaseNotes.md
		response-objects.md = response-objects.md
	EndProjectSection
EndProject
Project("{9A19103F-16F7-4668-BE54-9A1E7A4F7556}") = "APIBlox.AspNetCore", "ApiBlox.AspNetCore\APIBlox.AspNetCore.csproj", "{F0A28927-3183-40C6-A208-997597394ABA}"
EndProject
Project("{9A19103F-16F7-4668-BE54-9A1E7A4F7556}") = "APIBlox.AspNetCore.CommandsAndQueries", "ApiBlox.AspNetCore.CommandsAndQueries\APIBlox.AspNetCore.CommandsAndQueries.csproj", "{F723C994-BFA9-425D-A09B-03035B5D284F}"
EndProject
Project("{9A19103F-16F7-4668-BE54-9A1E7A4F7556}") = "APIBlox.AspNetCore.DynamicControllers", "ApiBlox.AspNetCore.DynamicControllers\APIBlox.AspNetCore.DynamicControllers.csproj", "{93FFA877-078D-4E1A-9941-C82A2AB7717B}"
EndProject
Project("{9A19103F-16F7-4668-BE54-9A1E7A4F7556}") = "APIBlox.NetCore", "ApiBlox.NetCore\APIBlox.NetCore.csproj", "{E1AB2AF7-43AA-4B11-A798-EE9417C0AB79}"
EndProject
Project("{9A19103F-16F7-4668-BE54-9A1E7A4F7556}") = "APIBlox.NetCore.Common", "ApiBlox.NetCore.Common\APIBlox.NetCore.Common.csproj", "{4971FDA1-AEB2-49F6-8530-D8340DBECBDF}"
EndProject
Project("{9A19103F-16F7-4668-BE54-9A1E7A4F7556}") = "APIBlox.NetCore.DomainEvents", "APIBlox.NetCore.DomainEvents\APIBlox.NetCore.DomainEvents.csproj", "{EB8E7F58-2AA9-4BF3-981E-93059BD21D21}"
EndProject
Project("{9A19103F-16F7-4668-BE54-9A1E7A4F7556}") = "APIBlox.AspNetCore.CommandsQueriesControllersOhMy", "APIBlox.AspNetCore.CommandsQueriesControllersOhMy\APIBlox.AspNetCore.CommandsQueriesControllersOhMy.csproj", "{D033F0DC-4EF0-4208-8F53-E9583CA88A81}"
EndProject
Project("{9A19103F-16F7-4668-BE54-9A1E7A4F7556}") = "SlnTests", "SlnTests\SlnTests.csproj", "{C117940A-6B60-4369-A258-9AD9AF6B546D}"
EndProject
Project("{2150E333-8FDC-42A3-9474-1A3956D46DE8}") = "Examples", "Examples", "{B3BA19E4-AA63-4BC2-8C54-D9EAA864198A}"
EndProject
Project("{9A19103F-16F7-4668-BE54-9A1E7A4F7556}") = "Examples.Cqrs", "Examples\CQRS\Examples.Cqrs\Examples.Cqrs.csproj", "{3BB58B4A-C008-4FDB-B0F7-6E0162565C3C}"
EndProject
Project("{9A19103F-16F7-4668-BE54-9A1E7A4F7556}") = "Examples.Features", "Examples\APIBlox Features\Examples.Features\Examples.Features.csproj", "{6D026369-299F-4EF5-A4D4-CFA79D6FDEF5}"
EndProject
Project("{9A19103F-16F7-4668-BE54-9A1E7A4F7556}") = "Examples.DomainEvents", "Examples\Domain Events\Examples.DomainEvents\Examples.DomainEvents.csproj", "{8D517581-A458-4657-9509-FD7ED803243D}"
EndProject
Project("{9A19103F-16F7-4668-BE54-9A1E7A4F7556}") = "Examples.DynamicControllers", "Examples\Dynamic Controllers\Examples.DynamicControllers\Examples.DynamicControllers.csproj", "{5A1614E7-5E44-4FB2-8F69-134469ADB1F1}"
EndProject
Project("{9A19103F-16F7-4668-BE54-9A1E7A4F7556}") = "APIBlox.NetCore.EventStore2", "APIBlox.NetCore.EventStore2\APIBlox.NetCore.EventStore2.csproj", "{412D1E3C-D430-4B6C-95AF-047C4B631E15}"
EndProject
Project("{FAE04EC0-301F-11D3-BF4B-00C04F79EFBC}") = "APIBlox.NetCore.EventStore", "APIBlox.NetCore.EventStore\APIBlox.NetCore.EventStore.csproj", "{C56E1526-6373-4470-82E1-8075376C0C86}"
EndProject
Global
	GlobalSection(SolutionConfigurationPlatforms) = preSolution
		Debug|Any CPU = Debug|Any CPU
		Release|Any CPU = Release|Any CPU
	EndGlobalSection
	GlobalSection(ProjectConfigurationPlatforms) = postSolution
		{F0A28927-3183-40C6-A208-997597394ABA}.Debug|Any CPU.ActiveCfg = Debug|Any CPU
		{F0A28927-3183-40C6-A208-997597394ABA}.Debug|Any CPU.Build.0 = Debug|Any CPU
		{F0A28927-3183-40C6-A208-997597394ABA}.Release|Any CPU.ActiveCfg = Release|Any CPU
		{F0A28927-3183-40C6-A208-997597394ABA}.Release|Any CPU.Build.0 = Release|Any CPU
		{F723C994-BFA9-425D-A09B-03035B5D284F}.Debug|Any CPU.ActiveCfg = Debug|Any CPU
		{F723C994-BFA9-425D-A09B-03035B5D284F}.Debug|Any CPU.Build.0 = Debug|Any CPU
		{F723C994-BFA9-425D-A09B-03035B5D284F}.Release|Any CPU.ActiveCfg = Release|Any CPU
		{F723C994-BFA9-425D-A09B-03035B5D284F}.Release|Any CPU.Build.0 = Release|Any CPU
		{93FFA877-078D-4E1A-9941-C82A2AB7717B}.Debug|Any CPU.ActiveCfg = Debug|Any CPU
		{93FFA877-078D-4E1A-9941-C82A2AB7717B}.Debug|Any CPU.Build.0 = Debug|Any CPU
		{93FFA877-078D-4E1A-9941-C82A2AB7717B}.Release|Any CPU.ActiveCfg = Release|Any CPU
		{93FFA877-078D-4E1A-9941-C82A2AB7717B}.Release|Any CPU.Build.0 = Release|Any CPU
		{E1AB2AF7-43AA-4B11-A798-EE9417C0AB79}.Debug|Any CPU.ActiveCfg = Debug|Any CPU
		{E1AB2AF7-43AA-4B11-A798-EE9417C0AB79}.Debug|Any CPU.Build.0 = Debug|Any CPU
		{E1AB2AF7-43AA-4B11-A798-EE9417C0AB79}.Release|Any CPU.ActiveCfg = Release|Any CPU
		{E1AB2AF7-43AA-4B11-A798-EE9417C0AB79}.Release|Any CPU.Build.0 = Release|Any CPU
		{4971FDA1-AEB2-49F6-8530-D8340DBECBDF}.Debug|Any CPU.ActiveCfg = Debug|Any CPU
		{4971FDA1-AEB2-49F6-8530-D8340DBECBDF}.Debug|Any CPU.Build.0 = Debug|Any CPU
		{4971FDA1-AEB2-49F6-8530-D8340DBECBDF}.Release|Any CPU.ActiveCfg = Release|Any CPU
		{4971FDA1-AEB2-49F6-8530-D8340DBECBDF}.Release|Any CPU.Build.0 = Release|Any CPU
		{EB8E7F58-2AA9-4BF3-981E-93059BD21D21}.Debug|Any CPU.ActiveCfg = Debug|Any CPU
		{EB8E7F58-2AA9-4BF3-981E-93059BD21D21}.Debug|Any CPU.Build.0 = Debug|Any CPU
		{EB8E7F58-2AA9-4BF3-981E-93059BD21D21}.Release|Any CPU.ActiveCfg = Release|Any CPU
		{EB8E7F58-2AA9-4BF3-981E-93059BD21D21}.Release|Any CPU.Build.0 = Release|Any CPU
		{D033F0DC-4EF0-4208-8F53-E9583CA88A81}.Debug|Any CPU.ActiveCfg = Debug|Any CPU
		{D033F0DC-4EF0-4208-8F53-E9583CA88A81}.Debug|Any CPU.Build.0 = Debug|Any CPU
		{D033F0DC-4EF0-4208-8F53-E9583CA88A81}.Release|Any CPU.ActiveCfg = Release|Any CPU
		{D033F0DC-4EF0-4208-8F53-E9583CA88A81}.Release|Any CPU.Build.0 = Release|Any CPU
		{C117940A-6B60-4369-A258-9AD9AF6B546D}.Debug|Any CPU.ActiveCfg = Debug|Any CPU
		{C117940A-6B60-4369-A258-9AD9AF6B546D}.Debug|Any CPU.Build.0 = Debug|Any CPU
		{C117940A-6B60-4369-A258-9AD9AF6B546D}.Release|Any CPU.ActiveCfg = Release|Any CPU
		{C117940A-6B60-4369-A258-9AD9AF6B546D}.Release|Any CPU.Build.0 = Release|Any CPU
		{3BB58B4A-C008-4FDB-B0F7-6E0162565C3C}.Debug|Any CPU.ActiveCfg = Debug|Any CPU
		{3BB58B4A-C008-4FDB-B0F7-6E0162565C3C}.Debug|Any CPU.Build.0 = Debug|Any CPU
		{3BB58B4A-C008-4FDB-B0F7-6E0162565C3C}.Release|Any CPU.ActiveCfg = Release|Any CPU
		{3BB58B4A-C008-4FDB-B0F7-6E0162565C3C}.Release|Any CPU.Build.0 = Release|Any CPU
		{6D026369-299F-4EF5-A4D4-CFA79D6FDEF5}.Debug|Any CPU.ActiveCfg = Debug|Any CPU
		{6D026369-299F-4EF5-A4D4-CFA79D6FDEF5}.Debug|Any CPU.Build.0 = Debug|Any CPU
		{6D026369-299F-4EF5-A4D4-CFA79D6FDEF5}.Release|Any CPU.ActiveCfg = Release|Any CPU
		{6D026369-299F-4EF5-A4D4-CFA79D6FDEF5}.Release|Any CPU.Build.0 = Release|Any CPU
		{8D517581-A458-4657-9509-FD7ED803243D}.Debug|Any CPU.ActiveCfg = Debug|Any CPU
		{8D517581-A458-4657-9509-FD7ED803243D}.Debug|Any CPU.Build.0 = Debug|Any CPU
		{8D517581-A458-4657-9509-FD7ED803243D}.Release|Any CPU.ActiveCfg = Release|Any CPU
		{8D517581-A458-4657-9509-FD7ED803243D}.Release|Any CPU.Build.0 = Release|Any CPU
		{5A1614E7-5E44-4FB2-8F69-134469ADB1F1}.Debug|Any CPU.ActiveCfg = Debug|Any CPU
		{5A1614E7-5E44-4FB2-8F69-134469ADB1F1}.Debug|Any CPU.Build.0 = Debug|Any CPU
		{5A1614E7-5E44-4FB2-8F69-134469ADB1F1}.Release|Any CPU.ActiveCfg = Release|Any CPU
		{5A1614E7-5E44-4FB2-8F69-134469ADB1F1}.Release|Any CPU.Build.0 = Release|Any CPU
		{412D1E3C-D430-4B6C-95AF-047C4B631E15}.Debug|Any CPU.ActiveCfg = Debug|Any CPU
		{412D1E3C-D430-4B6C-95AF-047C4B631E15}.Debug|Any CPU.Build.0 = Debug|Any CPU
		{412D1E3C-D430-4B6C-95AF-047C4B631E15}.Release|Any CPU.ActiveCfg = Release|Any CPU
		{412D1E3C-D430-4B6C-95AF-047C4B631E15}.Release|Any CPU.Build.0 = Release|Any CPU
		{C56E1526-6373-4470-82E1-8075376C0C86}.Debug|Any CPU.ActiveCfg = Debug|Any CPU
		{C56E1526-6373-4470-82E1-8075376C0C86}.Debug|Any CPU.Build.0 = Debug|Any CPU
		{C56E1526-6373-4470-82E1-8075376C0C86}.Release|Any CPU.ActiveCfg = Release|Any CPU
		{C56E1526-6373-4470-82E1-8075376C0C86}.Release|Any CPU.Build.0 = Release|Any CPU
	EndGlobalSection
	GlobalSection(SolutionProperties) = preSolution
		HideSolutionNode = FALSE
	EndGlobalSection
	GlobalSection(NestedProjects) = preSolution
		{3BB58B4A-C008-4FDB-B0F7-6E0162565C3C} = {B3BA19E4-AA63-4BC2-8C54-D9EAA864198A}
		{6D026369-299F-4EF5-A4D4-CFA79D6FDEF5} = {B3BA19E4-AA63-4BC2-8C54-D9EAA864198A}
		{8D517581-A458-4657-9509-FD7ED803243D} = {B3BA19E4-AA63-4BC2-8C54-D9EAA864198A}
		{5A1614E7-5E44-4FB2-8F69-134469ADB1F1} = {B3BA19E4-AA63-4BC2-8C54-D9EAA864198A}
	EndGlobalSection
	GlobalSection(ExtensibilityGlobals) = postSolution
		SolutionGuid = {F5ADD174-9558-4269-9EFE-B50D2A576768}
	EndGlobalSection
EndGlobal
